
Microsoft Visual Studio Solution File, Format Version 12.00
# Visual Studio 14
VisualStudioVersion = 14.0.25420.1
MinimumVisualStudioVersion = 10.0.40219.1
Project("{FAE04EC0-301F-11D3-BF4B-00C04F79EFBC}") = "Split3", "Split3\Split3.csproj", "{398F2D8D-3039-4703-9A45-9F051581F55E}"
EndProject
Global
	GlobalSection(SolutionConfigurationPlatforms) = preSolution
		Debug|Any CPU = Debug|Any CPU
		Release|Any CPU = Release|Any CPU
	EndGlobalSection
	GlobalSection(ProjectConfigurationPlatforms) = postSolution
		{398F2D8D-3039-4703-9A45-9F051581F55E}.Debug|Any CPU.ActiveCfg = Debug|Any CPU
		{398F2D8D-3039-4703-9A45-9F051581F55E}.Debug|Any CPU.Build.0 = Debug|Any CPU
		{398F2D8D-3039-4703-9A45-9F051581F55E}.Release|Any CPU.ActiveCfg = Release|Any CPU
		{398F2D8D-3039-4703-9A45-9F051581F55E}.Release|Any CPU.Build.0 = Release|Any CPU
	EndGlobalSection
	GlobalSection(SolutionProperties) = preSolution
		HideSolutionNode = FALSE
	EndGlobalSection
	GlobalSection(ExtensibilityGlobals) = postSolution
		SolutionGuid = {D13F679A-F670-4972-A8B1-359F0097C977}
	EndGlobalSection
EndGlobal
